{
  "name": "tetorica-retro-player-examples",
  "lockfileVersion": 3,
  "requires": true,
  "packages": {
    "": {
      "name": "tetorica-retro-player-examples",
      "dependencies": {
        "node-web-audio-api": "^1.0.9",
        "tone": "^15.1.22",
        "web-audio-api": "^1.5.1"
      },
      "devDependencies": {
        "@types/node": "^25.9.3"
      }
    },
    "node_modules/@audio/decode-aac": {
      "version": "1.1.3",
      "resolved": "https://registry.npmjs.org/@audio/decode-aac/-/decode-aac-1.1.3.tgz",
      "integrity": "sha512-emyA+pFa+o9N728t5HpcInT6FZZtaFtl68ex7UW7iBOTv6DrN4jxASj1D9KQO0S86cpu6t2u9hW9X/99Srfjog==",
      "license": "GPL-2.0",
      "engines": {
        "node": ">=16"
      }
    },
    "node_modules/@audio/decode-aiff": {
      "version": "1.1.2",
      "resolved": "https://registry.npmjs.org/@audio/decode-aiff/-/decode-aiff-1.1.2.tgz",
      "integrity": "sha512-v1zfwv5qZc7qaShZmAwCMdiguXULbxKhwTlLTH3sxbWWtOMD3paqTFk7DtGcLR/YwRtE7TJPNMLET8ry5uV61g==",
      "license": "MIT",
      "engines": {
        "node": ">=16"
      }
    },
    "node_modules/@audio/decode-amr": {
      "version": "1.1.1",
      "resolved": "https://registry.npmjs.org/@audio/decode-amr/-/decode-amr-1.1.1.tgz",
      "integrity": "sha512-iIiY4YHaJ30isZVejhB/taO/jy7NVIveK/j6xPITqz/M/5JXC1tK5PMZ5PJ+Kni0LKGB+QN2BBonefKNkKr/VA==",
      "license": "Apache-2.0",
      "engines": {
        "node": ">=16"
      }
    },
    "node_modules/@audio/decode-caf": {
      "version": "1.1.1",
      "resolved": "https://registry.npmjs.org/@audio/decode-caf/-/decode-caf-1.1.1.tgz",
      "integrity": "sha512-svwj9ZJ9k89T0O4t7Ca5G6AeCusJQOQo4gdJsDlCHw01E4XJm4ok3Oqu2vorgT7BoS1l1Sm2Ef4ib3cr1M9Gbw==",
      "license": "MIT",
      "engines": {
        "node": ">=16"
      }
    },
    "node_modules/@audio/decode-flac": {
      "version": "1.1.0",
      "resolved": "https://registry.npmjs.org/@audio/decode-flac/-/decode-flac-1.1.0.tgz",
      "integrity": "sha512-d47Cxf91m1A7G0ketvWDmnn+qI9UaqEuZF0JpdVgGjjnfZQZ/3C8U3MM6nSsRaz4JZ904HtMkLUMF0yNEHXbJQ==",
      "license": "MIT",
      "dependencies": {
        "@wasm-audio-decoders/flac": "^0.2.10"
      },
      "engines": {
        "node": ">=16"
      }
    },
    "node_modules/@audio/decode-mp3": {
      "version": "1.1.0",
      "resolved": "https://registry.npmjs.org/@audio/decode-mp3/-/decode-mp3-1.1.0.tgz",
      "integrity": "sha512-eOBqdICwjQ0P9z6ei0wXmXVTW/tIiQ4YGsG3QMFJsdrGORhNQh6paQz53utIcVndmri9xfQStqerxMGt+82ygQ==",
      "license": "MIT",
      "dependencies": {
        "mpg123-decoder": "^1.0.3"
      },
      "engines": {
        "node": ">=16"
      }
    },
    "node_modules/@audio/decode-opus": {
      "version": "1.0.0",
      "resolved": "https://registry.npmjs.org/@audio/decode-opus/-/decode-opus-1.0.0.tgz",
      "integrity": "sha512-IwoBu72t09g/T5QKiOSJ1bPBE0fGQkhGh0LwVFH7Uj1xgZ18hVywoA9dCIWxlpnPqz/ZFnAdY7qaKbeEPfGJ+g==",
      "license": "MIT",
      "dependencies": {
        "ogg-opus-decoder": "^1.7.3"
      },
      "engines": {
        "node": ">=16"
      }
    },
    "node_modules/@audio/decode-qoa": {
      "version": "1.0.0",
      "resolved": "https://registry.npmjs.org/@audio/decode-qoa/-/decode-qoa-1.0.0.tgz",
      "integrity": "sha512-4O57YMprL+AZtxPVOgyDhUr2C+bVcp2cHrMKzBc4zo1ZJgITLZtfVA8TklTJEiLbvVfG2F0j44xHOTqCFhqvbA==",
      "license": "MIT",
      "dependencies": {
        "qoa-format": "^1.0.1"
      },
      "engines": {
        "node": ">=16"
      }
    },
    "node_modules/@audio/decode-vorbis": {
      "version": "1.0.0",
      "resolved": "https://registry.npmjs.org/@audio/decode-vorbis/-/decode-vorbis-1.0.0.tgz",
      "integrity": "sha512-8TR9V0GQuExgUMHOSYmBE/OreJ9D7YQH78ntPhCxxWM0IeV3qTE3To+cxZVSRg8bMXl6rB7GEGWMmJ8uLbkZlg==",
      "license": "MIT",
      "dependencies": {
        "@wasm-audio-decoders/ogg-vorbis": "^0.1.20"
      },
      "engines": {
        "node": ">=16"
      }
    },
    "node_modules/@audio/decode-wav": {
      "version": "1.2.0",
      "resolved": "https://registry.npmjs.org/@audio/decode-wav/-/decode-wav-1.2.0.tgz",
      "integrity": "sha512-Q6VicCGHeoqCiLnTDAaZI3kHCZGd24km/BVLZMBF2vOSbknwnqUEkWs4RRtKUfMX+KBtwAgihkzF0Aw4Y3DkBw==",
      "license": "MIT"
    },
    "node_modules/@audio/decode-webm": {
      "version": "1.2.1",
      "resolved": "https://registry.npmjs.org/@audio/decode-webm/-/decode-webm-1.2.1.tgz",
      "integrity": "sha512-UnlDUaPI7PF+I9neTF5LJ7NNrFgvi0zj8PsPcvkSf+NWW08UnbxgsN9WgtpY731R8MPMM10cZKGEoN0kqxT15Q==",
      "license": "MIT",
      "dependencies": {
        "@wasm-audio-decoders/ogg-vorbis": "^0.1.20",
        "opus-decoder": "^0.7.6"
      },
      "engines": {
        "node": ">=16"
      }
    },
    "node_modules/@audio/decode-wma": {
      "version": "1.1.2",
      "resolved": "https://registry.npmjs.org/@audio/decode-wma/-/decode-wma-1.1.2.tgz",
      "integrity": "sha512-zjmvnuhjSx6i8C8xPLxoNwfLxBvTeo2zf8L0Z8LM1H3HlwyWZEEfAlIppNf794f/mhsnbRAnwCpwQ1HklMIJrg==",
      "license": "GPL-2.0-or-later",
      "engines": {
        "node": ">=16"
      }
    },
    "node_modules/@audio/speaker-darwin-arm64": {
      "version": "2.0.4",
      "resolved": "https://registry.npmjs.org/@audio/speaker-darwin-arm64/-/speaker-darwin-arm64-2.0.4.tgz",
      "integrity": "sha512-j8Wyut1MqCENCBwqfgROkztHY60mTETv90Aw5axCYdPUCM3aHB/G9AzIimwitVnapaY2BFjt8CtNH5bvtummYQ==",
      "cpu": [
        "arm64"
      ],
      "license": "MIT",
      "optional": true,
      "os": [
        "darwin"
      ]
    },
    "node_modules/@audio/speaker-darwin-x64": {
      "version": "2.0.4",
      "resolved": "https://registry.npmjs.org/@audio/speaker-darwin-x64/-/speaker-darwin-x64-2.0.4.tgz",
      "integrity": "sha512-AvZEAy5DhLhGRdwCn/aaqDkONWmNXt4GOsetxzml8lmD518+d9VwHRKKUgWFPJ8o2g0kKGr7MC+XnUMN97RvOg==",
      "cpu": [
        "x64"
      ],
      "license": "MIT",
      "optional": true,
      "os": [
        "darwin"
      ]
    },
    "node_modules/@audio/speaker-linux-arm64": {
      "version": "2.0.4",
      "resolved": "https://registry.npmjs.org/@audio/speaker-linux-arm64/-/speaker-linux-arm64-2.0.4.tgz",
      "integrity": "sha512-aCCOBGwcg3Wg9mCi5docXHBzf6b0C/jT1mh4P+7ZQAMnepmEezKiAisdPksflW4mCO95tDEcjgIi5bG/7MtT8g==",
      "cpu": [
        "arm64"
      ],
      "license": "MIT",
      "optional": true,
      "os": [
        "linux"
      ]
    },
    "node_modules/@audio/speaker-linux-x64": {
      "version": "2.0.4",
      "resolved": "https://registry.npmjs.org/@audio/speaker-linux-x64/-/speaker-linux-x64-2.0.4.tgz",
      "integrity": "sha512-yi1M0Y5RLKhY/Gw2MGVcgPCaa/C2hJ4/Kd4O4tv8klB78yD5XW4m4FpWvEq32o18SUlC075J3JKrKrMOS1a5NA==",
      "cpu": [
        "x64"
      ],
      "license": "MIT",
      "optional": true,
      "os": [
        "linux"
      ]
    },
    "node_modules/@audio/speaker-win32-x64": {
      "version": "2.0.4",
      "resolved": "https://registry.npmjs.org/@audio/speaker-win32-x64/-/speaker-win32-x64-2.0.4.tgz",
      "integrity": "sha512-2q8qsXhIx5vrv9h9G4H1HC114T+FL5WG8Y3BOeyAeTXHyh4ci3vR4JMGuplrwo6DnhywY0fb93uEp97TnlM3pA==",
      "cpu": [
        "x64"
      ],
      "license": "MIT",
      "optional": true,
      "os": [
        "win32"
      ]
    },
    "node_modules/@babel/runtime": {
      "version": "7.29.7",
      "resolved": "https://registry.npmjs.org/@babel/runtime/-/runtime-7.29.7.tgz",
      "integrity": "sha512-Nq8OhGWiZIZGV6hLHoyAKLLcJihP/xFeBMGJoUrxTX2psI8dCifzLhZISFb+VWS3wFMRDmCGw5R+dOySCqPLhw==",
      "license": "MIT",
      "engines": {
        "node": ">=6.9.0"
      }
    },
    "node_modules/@eshaz/web-worker": {
      "version": "1.2.2",
      "resolved": "https://registry.npmjs.org/@eshaz/web-worker/-/web-worker-1.2.2.tgz",
      "integrity": "sha512-WxXiHFmD9u/owrzempiDlBB1ZYqiLnm9s6aPc8AlFQalq2tKmqdmMr9GXOupDgzXtqnBipj8Un0gkIm7Sjf8mw==",
      "license": "Apache-2.0"
    },
    "node_modules/@thi.ng/bitstream": {
      "version": "2.4.53",
      "resolved": "https://registry.npmjs.org/@thi.ng/bitstream/-/bitstream-2.4.53.tgz",
      "integrity": "sha512-nhSs378SbSVrHNGb2mRDMVeHn+j2Ss78lK4+G/8IYAVBh461sBcSpj80FkBhDyTAr/yAa53ZFlyrKjkj7Volvw==",
      "funding": [
        {
          "type": "github",
          "url": "https://github.com/sponsors/postspectacular"
        },
        {
          "type": "patreon",
          "url": "https://patreon.com/thing_umbrella"
        },
        {
          "type": "liberapay",
          "url": "https://liberapay.com/thi.ng"
        }
      ],
      "license": "Apache-2.0",
      "dependencies": {
        "@thi.ng/errors": "^2.6.15"
      },
      "engines": {
        "node": ">=18"
      }
    },
    "node_modules/@thi.ng/errors": {
      "version": "2.6.15",
      "resolved": "https://registry.npmjs.org/@thi.ng/errors/-/errors-2.6.15.tgz",
      "integrity": "sha512-kkd42XRB+D1PVI9IRyEVK/URF0fgTE7SscoehHyuuZ6UHn/4N60ODiTwOONJHRHxLQVQLJ7EwM0t6AuxBufRUA==",
      "funding": [
        {
          "type": "github",
          "url": "https://github.com/sponsors/postspectacular"
        },
        {
          "type": "patreon",
          "url": "https://patreon.com/thing_umbrella"
        },
        {
          "type": "liberapay",
          "url": "https://liberapay.com/thi.ng"
        }
      ],
      "license": "Apache-2.0",
      "engines": {
        "node": ">=18"
      }
    },
    "node_modules/@types/node": {
      "version": "25.9.3",
      "resolved": "https://registry.npmjs.org/@types/node/-/node-25.9.3.tgz",
      "integrity": "sha512-603BddQMv3pUcr4U2dhujk83N2tTDVr/34wII2B6bJy6g+8WD6yUb11jszNs0gdi4PesVWl7ABt8nYMVpnLUcg==",
      "dev": true,
      "license": "MIT",
      "dependencies": {
        "undici-types": ">=7.24.0 <7.24.7"
      }
    },
    "node_modules/@wasm-audio-decoders/common": {
      "version": "9.0.7",
      "resolved": "https://registry.npmjs.org/@wasm-audio-decoders/common/-/common-9.0.7.tgz",
      "integrity": "sha512-WRaUuWSKV7pkttBygml/a6dIEpatq2nnZGFIoPTc5yPLkxL6Wk4YaslPM98OPQvWacvNZ+Py9xROGDtrFBDzag==",
      "license": "MIT",
      "dependencies": {
        "@eshaz/web-worker": "1.2.2",
        "simple-yenc": "^1.0.4"
      }
    },
    "node_modules/@wasm-audio-decoders/flac": {
      "version": "0.2.10",
      "resolved": "https://registry.npmjs.org/@wasm-audio-decoders/flac/-/flac-0.2.10.tgz",
      "integrity": "sha512-YfcyoD2rYRBa6ffawZKNi5qvV5HArJmNmuMVUPoutuZ2hhGi6WNSWIzgvbROGmPbFivLL764Am7xxJENWJDhjw==",
      "license": "MIT",
      "dependencies": {
        "@wasm-audio-decoders/common": "9.0.7",
        "codec-parser": "2.5.0"
      },
      "funding": {
        "type": "individual",
        "url": "https://github.com/sponsors/eshaz"
      }
    },
    "node_modules/@wasm-audio-decoders/ogg-vorbis": {
      "version": "0.1.20",
      "resolved": "https://registry.npmjs.org/@wasm-audio-decoders/ogg-vorbis/-/ogg-vorbis-0.1.20.tgz",
      "integrity": "sha512-zaQPasU5usRjUDXtXOHYED5tfkR4QMXd+EH3Nrz1+4+M5pCsdD+s9YxJqb0oqnTyRu/KUujOmu5Z/m/NT47vwg==",
      "license": "MIT",
      "dependencies": {
        "@wasm-audio-decoders/common": "9.0.7",
        "codec-parser": "2.5.0"
      },
      "funding": {
        "type": "individual",
        "url": "https://github.com/sponsors/eshaz"
      }
    },
    "node_modules/@wasm-audio-decoders/opus-ml": {
      "version": "0.0.2",
      "resolved": "https://registry.npmjs.org/@wasm-audio-decoders/opus-ml/-/opus-ml-0.0.2.tgz",
      "integrity": "sha512-58rWEqDGg+CKCyEeKm2KoxxSwTWtHh/NLTW9ObR4K8CGF6VwuuGudEI1CtniS/oSRmL1nJq/eh8MKARiluw4DQ==",
      "license": "MIT",
      "dependencies": {
        "@wasm-audio-decoders/common": "9.0.7"
      },
      "funding": {
        "type": "individual",
        "url": "https://github.com/sponsors/eshaz"
      }
    },
    "node_modules/audio-buffer": {
      "version": "7.3.1",
      "resolved": "https://registry.npmjs.org/audio-buffer/-/audio-buffer-7.3.1.tgz",
      "integrity": "sha512-WXYfZb6hHPGFZnz+NJBs0Gt+gYA8xN5TS9yrk7o9TJEHdO9nsN0z0pQ+6uGYQQGW7AQjNgJukf9J7n3F4ARTqw==",
      "license": "MIT"
    },
    "node_modules/audio-decode": {
      "version": "3.10.2",
      "resolved": "https://registry.npmjs.org/audio-decode/-/audio-decode-3.10.2.tgz",
      "integrity": "sha512-F5nYZPpWn9n293E4cP54x/43h1Y0NK4nAefX26+DHUqza1jJhf5dC5VGxVYBiPj9nJcvRAmIrU1/kHkLgIaP6g==",
      "license": "MIT",
      "workspaces": [
        "packages/*"
      ],
      "dependencies": {
        "@audio/decode-aac": "^1.0.2",
        "@audio/decode-aiff": "^1.0.0",
        "@audio/decode-amr": "^1.0.0",
        "@audio/decode-caf": "^1.0.0",
        "@audio/decode-flac": "^1.1.0",
        "@audio/decode-mp3": "^1.1.0",
        "@audio/decode-opus": "^1.0.0",
        "@audio/decode-qoa": "^1.0.0",
        "@audio/decode-vorbis": "^1.0.0",
        "@audio/decode-wav": "^1.2.0",
        "@audio/decode-webm": "^1.0.0",
        "@audio/decode-wma": "^1.0.0",
        "audio-type": "^2.4.0"
      }
    },
    "node_modules/audio-effect": {
      "version": "1.0.1",
      "resolved": "https://registry.npmjs.org/audio-effect/-/audio-effect-1.0.1.tgz",
      "integrity": "sha512-qaL/0T3w+VL3oqK4fY6hQj7JsvwKM1dxYh4uvUPSl3bZCXtA/5u0xc4N/ySKHC42Aa+M/nganTz2IzKFJV0p+g==",
      "license": "ISC"
    },
    "node_modules/audio-speaker": {
      "version": "2.3.1",
      "resolved": "https://registry.npmjs.org/audio-speaker/-/audio-speaker-2.3.1.tgz",
      "integrity": "sha512-l5FXrKBu1UC6p0FxRFejBwxkDOFLeUbtQMe9kRGXERLkNr+Id3USShTldESHzGQbT1eAF/JWMzdVWHxry22TXA==",
      "hasInstallScript": true,
      "license": "MIT",
      "engines": {
        "node": ">=18"
      },
      "optionalDependencies": {
        "@audio/speaker-darwin-arm64": ">=2.0.0",
        "@audio/speaker-darwin-x64": ">=2.0.0",
        "@audio/speaker-linux-arm64": ">=2.0.0",
        "@audio/speaker-linux-x64": ">=2.0.0",
        "@audio/speaker-win32-x64": ">=2.0.0"
      }
    },
    "node_modules/audio-type": {
      "version": "2.4.1",
      "resolved": "https://registry.npmjs.org/audio-type/-/audio-type-2.4.1.tgz",
      "integrity": "sha512-dK9Z/P83C/rBfTrXXgPD3jZ+aXxx2o/P4rq8+H1JqxbXklitEeJw4CrcwMC5CkON3CX3yy2gaWnIEVYejYh0zQ==",
      "license": "MIT",
      "engines": {
        "node": ">=14"
      }
    },
    "node_modules/automation-events": {
      "version": "7.1.19",
      "resolved": "https://registry.npmjs.org/automation-events/-/automation-events-7.1.19.tgz",
      "integrity": "sha512-cD+TLhJTI0q4AI3ktd353lrGZiVa9AchowSDzQzzGjSoYe22js4vlS32VUtWuaulghi1Yq0KYNWKk9wWuGymPA==",
      "license": "MIT",
      "dependencies": {
        "@babel/runtime": "^7.29.2",
        "tslib": "^2.8.1"
      },
      "engines": {
        "node": ">=18.2.0"
      }
    },
    "node_modules/caller": {
      "version": "1.1.0",
      "resolved": "https://registry.npmjs.org/caller/-/caller-1.1.0.tgz",
      "integrity": "sha512-n+21IZC3j06YpCWaxmUy5AnVqhmCIM2bQtqQyy00HJlmStRt6kwDX5F9Z97pqwAB+G/tgSz6q/kUBbNyQzIubw==",
      "license": "MIT"
    },
    "node_modules/codec-parser": {
      "version": "2.5.0",
      "resolved": "https://registry.npmjs.org/codec-parser/-/codec-parser-2.5.0.tgz",
      "integrity": "sha512-Ru9t80fV8B0ZiixQl8xhMTLru+dzuis/KQld32/x5T/+3LwZb0/YvQdSKytX9JqCnRdiupvAvyYJINKrXieziQ==",
      "license": "LGPL-3.0-or-later"
    },
    "node_modules/data-uri-to-buffer": {
      "version": "4.0.1",
      "resolved": "https://registry.npmjs.org/data-uri-to-buffer/-/data-uri-to-buffer-4.0.1.tgz",
      "integrity": "sha512-0R9ikRb668HB7QDxT1vkpuUBtqc53YyAwMwGeUFKRojY/NWKvdZ+9UYtRfGmhqNbRkTSVpMbmyhXipFFv2cb/A==",
      "license": "MIT",
      "engines": {
        "node": ">= 12"
      }
    },
    "node_modules/digital-filter": {
      "version": "2.3.1",
      "resolved": "https://registry.npmjs.org/digital-filter/-/digital-filter-2.3.1.tgz",
      "integrity": "sha512-KzcWuhDLTt2lKFF4KZCrHSPOqHBTH+CxZwWDO0coqNTKiYyxgIwoTAuIQj1F8nFgwnCKomgwOXU62YCfsYVshg==",
      "license": "MIT",
      "engines": {
        "node": ">=18"
      }
    },
    "node_modules/fetch-blob": {
      "version": "3.2.0",
      "resolved": "https://registry.npmjs.org/fetch-blob/-/fetch-blob-3.2.0.tgz",
      "integrity": "sha512-7yAQpD2UMJzLi1Dqv7qFYnPbaPx7ZfFK6PiIxQ4PfkGPyNyl2Ugx+a/umUonmKqjhM4DnfbMvdX6otXq83soQQ==",
      "funding": [
        {
          "type": "github",
          "url": "https://github.com/sponsors/jimmywarting"
        },
        {
          "type": "paypal",
          "url": "https://paypal.me/jimmywarting"
        }
      ],
      "license": "MIT",
      "dependencies": {
        "node-domexception": "^1.0.0",
        "web-streams-polyfill": "^3.0.3"
      },
      "engines": {
        "node": "^12.20 || >= 14.13"
      }
    },
    "node_modules/formdata-polyfill": {
      "version": "4.0.10",
      "resolved": "https://registry.npmjs.org/formdata-polyfill/-/formdata-polyfill-4.0.10.tgz",
      "integrity": "sha512-buewHzMvYL29jdeQTVILecSaZKnt/RJWjoZCF5OW60Z67/GmSLBkOFM7qh1PI3zFNtJbaZL5eQu1vLfazOwj4g==",
      "license": "MIT",
      "dependencies": {
        "fetch-blob": "^3.1.2"
      },
      "engines": {
        "node": ">=12.20.0"
      }
    },
    "node_modules/fourier-transform": {
      "version": "2.3.0",
      "resolved": "https://registry.npmjs.org/fourier-transform/-/fourier-transform-2.3.0.tgz",
      "integrity": "sha512-+Ki9tVP1a/1R3svMxeAFOr2FEQhjFdB9szYh2I8IEAUzSUbkV5K/e4hcPVNSjonUllImheK0O/Hoy/VPby6Iig==",
      "license": "MIT"
    },
    "node_modules/mpg123-decoder": {
      "version": "1.0.3",
      "resolved": "https://registry.npmjs.org/mpg123-decoder/-/mpg123-decoder-1.0.3.tgz",
      "integrity": "sha512-+fjxnWigodWJm3+4pndi+KUg9TBojgn31DPk85zEsim7C6s0X5Ztc/hQYdytXkwuGXH+aB0/aEkG40Emukv6oQ==",
      "license": "MIT",
      "dependencies": {
        "@wasm-audio-decoders/common": "9.0.7"
      },
      "funding": {
        "type": "individual",
        "url": "https://github.com/sponsors/eshaz"
      }
    },
    "node_modules/node-domexception": {
      "version": "1.0.0",
      "resolved": "https://registry.npmjs.org/node-domexception/-/node-domexception-1.0.0.tgz",
      "integrity": "sha512-/jKZoMpw0F8GRwl4/eLROPA3cfcXtLApP0QzLmUT/HuPCZWyB7IY9ZrMeKw2O/nFIqPQB3PVM9aYm0F312AXDQ==",
      "deprecated": "Use your platform's native DOMException instead",
      "funding": [
        {
          "type": "github",
          "url": "https://github.com/sponsors/jimmywarting"
        },
        {
          "type": "github",
          "url": "https://paypal.me/jimmywarting"
        }
      ],
      "license": "MIT",
      "engines": {
        "node": ">=10.5.0"
      }
    },
    "node_modules/node-fetch": {
      "version": "3.3.2",
      "resolved": "https://registry.npmjs.org/node-fetch/-/node-fetch-3.3.2.tgz",
      "integrity": "sha512-dRB78srN/l6gqWulah9SrxeYnxeddIG30+GOqK/9OlLVyLg3HPnr6SqOWTWOXKRwC2eGYCkZ59NNuSgvSrpgOA==",
      "license": "MIT",
      "dependencies": {
        "data-uri-to-buffer": "^4.0.0",
        "fetch-blob": "^3.1.4",
        "formdata-polyfill": "^4.0.10"
      },
      "engines": {
        "node": "^12.20.0 || ^14.13.1 || >=16.0.0"
      },
      "funding": {
        "type": "opencollective",
        "url": "https://opencollective.com/node-fetch"
      }
    },
    "node_modules/node-web-audio-api": {
      "version": "1.0.9",
      "resolved": "https://registry.npmjs.org/node-web-audio-api/-/node-web-audio-api-1.0.9.tgz",
      "integrity": "sha512-udyabeRtRcnxUx4XWvvSAvwTqsAUHAawiVWg0IHFSUAPD8m+5cAAL6RPXgF7BOHxPmJq2s77ceBF4tlG45K0/Q==",
      "license": "BSD-3-Clause",
      "dependencies": {
        "caller": "^1.1.0",
        "node-fetch": "^3.3.2",
        "webidl-conversions": "^7.0.0"
      },
      "engines": {
        "node": ">= 14"
      }
    },
    "node_modules/ogg-opus-decoder": {
      "version": "1.7.3",
      "resolved": "https://registry.npmjs.org/ogg-opus-decoder/-/ogg-opus-decoder-1.7.3.tgz",
      "integrity": "sha512-w47tiZpkLgdkpa+34VzYD8mHUj8I9kfWVZa82mBbNwDvB1byfLXSSzW/HxA4fI3e9kVlICSpXGFwMLV1LPdjwg==",
      "license": "MIT",
      "dependencies": {
        "@wasm-audio-decoders/common": "9.0.7",
        "@wasm-audio-decoders/opus-ml": "0.0.2",
        "codec-parser": "2.5.0",
        "opus-decoder": "0.7.11"
      },
      "funding": {
        "type": "individual",
        "url": "https://github.com/sponsors/eshaz"
      }
    },
    "node_modules/opus-decoder": {
      "version": "0.7.11",
      "resolved": "https://registry.npmjs.org/opus-decoder/-/opus-decoder-0.7.11.tgz",
      "integrity": "sha512-+e+Jz3vGQLxRTBHs8YJQPRPc1Tr+/aC6coV/DlZylriA29BdHQAYXhvNRKtjftof17OFng0+P4wsFIqQu3a48A==",
      "license": "MIT",
      "dependencies": {
        "@wasm-audio-decoders/common": "9.0.7"
      },
      "funding": {
        "type": "individual",
        "url": "https://github.com/sponsors/eshaz"
      }
    },
    "node_modules/pcm-convert": {
      "version": "3.1.1",
      "resolved": "https://registry.npmjs.org/pcm-convert/-/pcm-convert-3.1.1.tgz",
      "integrity": "sha512-nlpgtFCUXR08NXdDiXCV6yCHQy4WTDF8t5v5unnTTHB/F7Px+h0t8AdkhS9gtHau72V9VpEiCx7FbyOX6PcSow==",
      "license": "MIT"
    },
    "node_modules/periodic-function": {
      "version": "2.1.0",
      "resolved": "https://registry.npmjs.org/periodic-function/-/periodic-function-2.1.0.tgz",
      "integrity": "sha512-hUuKIlMwYIPZiao76mWRw25/nGkB6kBjgVeBdAqLFWZh0u7KaZpEyPn5VGFsId4U6Ytu5+1WQUNp+OsHdgKFBg==",
      "license": "MIT"
    },
    "node_modules/qoa-format": {
      "version": "1.0.1",
      "resolved": "https://registry.npmjs.org/qoa-format/-/qoa-format-1.0.1.tgz",
      "integrity": "sha512-dMB0Z6XQjdpz/Cw4Rf6RiBpQvUSPCfYlQMWvmuWlWkAT7nDQD29cVZ1SwDUB6DYJSitHENwbt90lqfI+7bvMcw==",
      "license": "MIT",
      "dependencies": {
        "@thi.ng/bitstream": "^2.2.12"
      }
    },
    "node_modules/simple-yenc": {
      "version": "1.0.4",
      "resolved": "https://registry.npmjs.org/simple-yenc/-/simple-yenc-1.0.4.tgz",
      "integrity": "sha512-5gvxpSd79e9a3V4QDYUqnqxeD4HGlhCakVpb6gMnDD7lexJggSBJRBO5h52y/iJrdXRilX9UCuDaIJhSWm5OWw==",
      "license": "MIT",
      "funding": {
        "type": "individual",
        "url": "https://github.com/sponsors/eshaz"
      }
    },
    "node_modules/standardized-audio-context": {
      "version": "25.3.77",
      "resolved": "https://registry.npmjs.org/standardized-audio-context/-/standardized-audio-context-25.3.77.tgz",
      "integrity": "sha512-Ki9zNz6pKcC5Pi+QPjPyVsD9GwJIJWgryji0XL9cAJXMGyn+dPOf6Qik1AHei0+UNVcc4BOCa0hWLBzlwqsW/A==",
      "license": "MIT",
      "dependencies": {
        "@babel/runtime": "^7.25.6",
        "automation-events": "^7.0.9",
        "tslib": "^2.7.0"
      }
    },
    "node_modules/tone": {
      "version": "15.1.22",
      "resolved": "https://registry.npmjs.org/tone/-/tone-15.1.22.tgz",
      "integrity": "sha512-TCScAGD4sLsama5DjvTUXlLDXSqPealhL64nsdV1hhr6frPWve0DeSo63AKnSJwgfg55fhvxj0iPPRwPN5o0ag==",
      "license": "MIT",
      "dependencies": {
        "standardized-audio-context": "^25.3.70",
        "tslib": "^2.3.1"
      }
    },
    "node_modules/tslib": {
      "version": "2.8.1",
      "resolved": "https://registry.npmjs.org/tslib/-/tslib-2.8.1.tgz",
      "integrity": "sha512-oJFu94HQb+KVduSUQL7wnpmqnfmLsOA/nAh6b6EH0wCEoK0/mPeXU6c3wKDV83MkOuHPRHtSXKKU99IBazS/2w==",
      "license": "0BSD"
    },
    "node_modules/undici-types": {
      "version": "7.24.6",
      "resolved": "https://registry.npmjs.org/undici-types/-/undici-types-7.24.6.tgz",
      "integrity": "sha512-WRNW+sJgj5OBN4/0JpHFqtqzhpbnV0GuB+OozA9gCL7a993SmU+1JBZCzLNxYsbMfIeDL+lTsphD5jN5N+n0zg==",
      "dev": true,
      "license": "MIT"
    },
    "node_modules/web-audio-api": {
      "version": "1.5.1",
      "resolved": "https://registry.npmjs.org/web-audio-api/-/web-audio-api-1.5.1.tgz",
      "integrity": "sha512-RXD/ul9xnMfDFI2nf48ykuONDOLJXNXIgrxFUbUdBFwpvleSWH3vz/6c76SDKxMghZ+OwIOFYXjU36s+coxAxg==",
      "license": "MIT",
      "dependencies": {
        "audio-buffer": "^7.3.0",
        "audio-decode": "^3.1.2",
        "audio-effect": "^1.0.0",
        "audio-speaker": "^2.0.5",
        "automation-events": "^7.1.19",
        "digital-filter": "^2.3.0",
        "fourier-transform": "^2.2.0",
        "pcm-convert": "^3.1.1",
        "periodic-function": "^2.1.0"
      },
      "engines": {
        "node": ">=18"
      },
      "peerDependencies": {
        "audio-mic": "*"
      },
      "peerDependenciesMeta": {
        "audio-mic": {
          "optional": true
        }
      }
    },
    "node_modules/web-streams-polyfill": {
      "version": "3.3.3",
      "resolved": "https://registry.npmjs.org/web-streams-polyfill/-/web-streams-polyfill-3.3.3.tgz",
      "integrity": "sha512-d2JWLCivmZYTSIoge9MsgFCZrt571BikcWGYkjC1khllbTeDlGqZ2D8vD8E/lJa8WGWbb7Plm8/XJYV7IJHZZw==",
      "license": "MIT",
      "engines": {
        "node": ">= 8"
      }
    },
    "node_modules/webidl-conversions": {
      "version": "7.0.0",
      "resolved": "https://registry.npmjs.org/webidl-conversions/-/webidl-conversions-7.0.0.tgz",
      "integrity": "sha512-VwddBukDzu71offAQR975unBIGqfKZpM+8ZX6ySk8nYhVoo5CYaZyzt3YBvYtRtO+aoGlqxPg/B87NGVZ/fu6g==",
      "license": "BSD-2-Clause",
      "engines": {
        "node": ">=12"
      }
    }
  }
}
